
Microsoft Visual Studio Solution File, Format Version 12.00
# Visual Studio Version 17
VisualStudioVersion = 17.13.35806.99 d17.13
MinimumVisualStudioVersion = 10.0.40219.1
Project("{FAE04EC0-301F-11D3-BF4B-00C04F79EFBC}") = "AplicatieCursuri", "AplicatieCursuri.csproj", "{21922742-7F58-D99A-D142-C0CE57892D3D}"
EndProject
Global
	GlobalSection(SolutionConfigurationPlatforms) = preSolution
		Debug|Any CPU = Debug|Any CPU
		Release|Any CPU = Release|Any CPU
	EndGlobalSection
	GlobalSection(ProjectConfigurationPlatforms) = postSolution
		{21922742-7F58-D99A-D142-C0CE57892D3D}.Debug|Any CPU.ActiveCfg = Debug|Any CPU
		{21922742-7F58-D99A-D142-C0CE57892D3D}.Debug|Any CPU.Build.0 = Debug|Any CPU
		{21922742-7F58-D99A-D142-C0CE57892D3D}.Release|Any CPU.ActiveCfg = Release|Any CPU
		{21922742-7F58-D99A-D142-C0CE57892D3D}.Release|Any CPU.Build.0 = Release|Any CPU
	EndGlobalSection
	GlobalSection(SolutionProperties) = preSolution
		HideSolutionNode = FALSE
	EndGlobalSection
	GlobalSection(ExtensibilityGlobals) = postSolution
		SolutionGuid = {77C2285C-26D0-47D0-A404-9E9114D3574F}
	EndGlobalSection
EndGlobal
